{
  "name": "LearnNode",
  "version": "1.0.0",
  "lockfileVersion": 1,
  "requires": true,
  "dependencies": {
    "any-promise": {
      "version": "1.3.0",
      "resolved": "https://registry.npmjs.org/any-promise/-/any-promise-1.3.0.tgz",
      "integrity": "sha1-q8av7tzqUugJzcA3au0845Y10X8="
    },
    "debug": {
      "version": "2.6.9",
      "resolved": "https://registry.npmjs.org/debug/-/debug-2.6.9.tgz",
      "integrity": "sha512-bC7ElrdJaJnPbAP+1EotYvqZsb3ecl5wi6Bfi6BJTUcNowp6cvspg0jXznRTKDjm/E7AdgFBVeAPVMNcKGsHMA==",
      "requires": {
        "ms": "2.0.0"
      }
    },
    "depd": {
      "version": "1.1.1",
      "resolved": "https://registry.npmjs.org/depd/-/depd-1.1.1.tgz",
      "integrity": "sha1-V4O04cRZ8G+lyif5kfPQbnoxA1k="
    },
    "http-errors": {
      "version": "1.6.2",
      "resolved": "https://registry.npmjs.org/http-errors/-/http-errors-1.6.2.tgz",
      "integrity": "sha1-CgAsyFcHGSp+eUbO7cERVfYOxzY=",
      "requires": {
        "depd": "1.1.1",
        "inherits": "2.0.3",
        "setprototypeof": "http://registry.npm.taobao.org/setprototypeof/download/setprototypeof-1.0.3.tgz",
        "statuses": "1.4.0"
      },
      "dependencies": {
        "inherits": {
          "version": "2.0.3",
          "resolved": "https://registry.npmjs.org/inherits/-/inherits-2.0.3.tgz",
          "integrity": "sha1-Yzwsg+PaQqUC9SRmAiSA9CCCYd4="
        },
        "statuses": {
          "version": "1.4.0",
          "resolved": "https://registry.npmjs.org/statuses/-/statuses-1.4.0.tgz",
          "integrity": "sha512-zhSCtt8v2NDrRlPQpCNtw/heZLtfUDqxBM1udqikb/Hbk52LK4nQSwr10u77iopCW5LsyHpuXS0GnEc48mLeew=="
        }
      }
    },
    "koa": {
      "version": "http://registry.npm.taobao.org/koa/download/koa-2.4.1.tgz",
      "requires": {
        "accepts": "1.3.4",
        "content-disposition": "0.5.2",
        "content-type": "1.0.4",
        "cookies": "0.7.1",
        "debug": "3.1.0",
        "delegates": "1.0.0",
        "depd": "1.1.1",
        "destroy": "1.0.4",
        "error-inject": "1.0.0",
        "escape-html": "1.0.3",
        "fresh": "0.5.2",
        "http-assert": "1.3.0",
        "http-errors": "1.6.2",
        "is-generator-function": "1.0.7",
        "koa-compose": "4.0.0",
        "koa-convert": "1.2.0",
        "koa-is-json": "1.0.0",
        "mime-types": "2.1.17",
        "on-finished": "2.3.0",
        "only": "0.0.2",
        "parseurl": "1.3.2",
        "statuses": "1.4.0",
        "type-is": "1.6.15",
        "vary": "1.1.2"
      },
      "dependencies": {
        "accepts": {
          "version": "1.3.4",
          "bundled": true,
          "requires": {
            "mime-types": "2.1.17",
            "negotiator": "0.6.1"
          },
          "dependencies": {
            "mime-db": {
              "version": "1.30.0",
              "bundled": true
            },
            "mime-types": {
              "version": "2.1.17",
              "bundled": true,
              "requires": {
                "mime-db": "1.30.0"
              }
            },
            "negotiator": {
              "version": "0.6.1",
              "bundled": true
            }
          }
        },
        "content-disposition": {
          "version": "0.5.2",
          "bundled": true
        },
        "content-type": {
          "version": "1.0.4",
          "bundled": true
        },
        "cookies": {
          "version": "0.7.1",
          "bundled": true,
          "requires": {
            "depd": "1.1.1",
            "keygrip": "1.0.2"
          },
          "dependencies": {
            "depd": {
              "version": "1.1.1",
              "bundled": true
            },
            "keygrip": {
              "version": "1.0.2",
              "bundled": true
            }
          }
        },
        "debug": {
          "version": "3.1.0",
          "bundled": true,
          "requires": {
            "ms": "2.0.0"
          },
          "dependencies": {
            "ms": {
              "version": "2.0.0",
              "bundled": true
            }
          }
        },
        "delegates": {
          "version": "1.0.0",
          "bundled": true
        },
        "depd": {
          "version": "1.1.1",
          "bundled": true
        },
        "destroy": {
          "version": "1.0.4",
          "bundled": true
        },
        "error-inject": {
          "version": "1.0.0",
          "bundled": true
        },
        "escape-html": {
          "version": "1.0.3",
          "bundled": true
        },
        "fresh": {
          "version": "0.5.2",
          "bundled": true
        },
        "http-assert": {
          "version": "1.3.0",
          "bundled": true,
          "requires": {
            "deep-equal": "1.0.1",
            "http-errors": "1.6.2"
          },
          "dependencies": {
            "deep-equal": {
              "version": "1.0.1",
              "bundled": true
            },
            "depd": {
              "version": "1.1.1",
              "bundled": true
            },
            "http-errors": {
              "version": "1.6.2",
              "bundled": true,
              "requires": {
                "depd": "1.1.1",
                "inherits": "2.0.3",
                "setprototypeof": "1.0.3",
                "statuses": "1.4.0"
              }
            },
            "inherits": {
              "version": "2.0.3",
              "bundled": true
            },
            "setprototypeof": {
              "version": "1.0.3",
              "bundled": true
            },
            "statuses": {
              "version": "1.4.0",
              "bundled": true
            }
          }
        },
        "http-errors": {
          "version": "1.6.2",
          "bundled": true,
          "requires": {
            "depd": "1.1.1",
            "inherits": "2.0.3",
            "setprototypeof": "1.0.3",
            "statuses": "1.4.0"
          },
          "dependencies": {
            "depd": {
              "version": "1.1.1",
              "bundled": true
            },
            "inherits": {
              "version": "2.0.3",
              "bundled": true
            },
            "setprototypeof": {
              "version": "1.0.3",
              "bundled": true
            },
            "statuses": {
              "version": "1.4.0",
              "bundled": true
            }
          }
        },
        "is-generator-function": {
          "version": "1.0.7",
          "bundled": true
        },
        "koa-compose": {
          "version": "4.0.0",
          "bundled": true
        },
        "koa-convert": {
          "version": "1.2.0",
          "bundled": true,
          "requires": {
            "co": "4.6.0",
            "koa-compose": "3.2.1"
          },
          "dependencies": {
            "any-promise": {
              "version": "1.3.0",
              "bundled": true
            },
            "co": {
              "version": "4.6.0",
              "bundled": true
            },
            "koa-compose": {
              "version": "3.2.1",
              "bundled": true,
              "requires": {
                "any-promise": "1.3.0"
              }
            }
          }
        },
        "koa-is-json": {
          "version": "1.0.0",
          "bundled": true
        },
        "mime-types": {
          "version": "2.1.17",
          "bundled": true,
          "requires": {
            "mime-db": "1.30.0"
          },
          "dependencies": {
            "mime-db": {
              "version": "1.30.0",
              "bundled": true
            }
          }
        },
        "on-finished": {
          "version": "2.3.0",
          "bundled": true,
          "requires": {
            "ee-first": "1.1.1"
          },
          "dependencies": {
            "ee-first": {
              "version": "1.1.1",
              "bundled": true
            }
          }
        },
        "only": {
          "version": "0.0.2",
          "bundled": true
        },
        "parseurl": {
          "version": "1.3.2",
          "bundled": true
        },
        "statuses": {
          "version": "1.4.0",
          "bundled": true
        },
        "type-is": {
          "version": "1.6.15",
          "bundled": true,
          "requires": {
            "media-typer": "0.3.0",
            "mime-types": "2.1.17"
          },
          "dependencies": {
            "media-typer": {
              "version": "0.3.0",
              "bundled": true
            },
            "mime-db": {
              "version": "1.30.0",
              "bundled": true
            },
            "mime-types": {
              "version": "2.1.17",
              "bundled": true,
              "requires": {
                "mime-db": "1.30.0"
              }
            }
          }
        },
        "vary": {
          "version": "1.1.2",
          "bundled": true
        }
      }
    },
    "koa-send": {
      "version": "4.1.2",
      "resolved": "https://registry.npmjs.org/koa-send/-/koa-send-4.1.2.tgz",
      "integrity": "sha512-tUQnfUco9p8XWHfMHFq8YPJi5xMZSRefeBt2M60ilbWWhbexQ7XlZpmsNixhT36AB+EBVbKYfwDXEEvECsgKCw==",
      "requires": {
        "debug": "2.6.9",
        "http-errors": "1.6.2",
        "mz": "2.7.0",
        "resolve-path": "1.3.3"
      }
    },
    "koa-static": {
      "version": "4.0.2",
      "resolved": "https://registry.npmjs.org/koa-static/-/koa-static-4.0.2.tgz",
      "integrity": "sha512-tKaDVRz3lgPfdFhiYe3jNQnlSVf0AnOv7ZJqQYHkT4/kPan6b59HSmotNm2Qjl2JDlCli4xKVOMHui+fZLwNRg==",
      "requires": {
        "debug": "2.6.9",
        "koa-send": "4.1.2"
      }
    },
    "mime-db": {
      "version": "1.32.0",
      "resolved": "https://registry.npmjs.org/mime-db/-/mime-db-1.32.0.tgz",
      "integrity": "sha512-+ZWo/xZN40Tt6S+HyakUxnSOgff+JEdaneLWIm0Z6LmpCn5DMcZntLyUY5c/rTDog28LhXLKOUZKoTxTCAdBVw=="
    },
    "ms": {
      "version": "2.0.0",
      "resolved": "https://registry.npmjs.org/ms/-/ms-2.0.0.tgz",
      "integrity": "sha1-VgiurfwAvmwpAd9fmGF4jeDVl8g="
    },
    "mz": {
      "version": "2.7.0",
      "resolved": "https://registry.npmjs.org/mz/-/mz-2.7.0.tgz",
      "integrity": "sha512-z81GNO7nnYMEhrGh9LeymoE4+Yr0Wn5McHIZMK5cfQCl+NDX08sCZgUc9/6MHni9IWuFLm1Z3HTCXu2z9fN62Q==",
      "requires": {
        "any-promise": "1.3.0",
        "object-assign": "4.1.1",
        "thenify-all": "1.6.0"
      }
    },
    "object-assign": {
      "version": "4.1.1",
      "resolved": "https://registry.npmjs.org/object-assign/-/object-assign-4.1.1.tgz",
      "integrity": "sha1-IQmtx5ZYh8/AXLvUQsrIv7s2CGM="
    },
    "path-is-absolute": {
      "version": "1.0.1",
      "resolved": "https://registry.npmjs.org/path-is-absolute/-/path-is-absolute-1.0.1.tgz",
      "integrity": "sha1-F0uSaHNVNP+8es5r9TpanhtcX18="
    },
    "resolve-path": {
      "version": "1.3.3",
      "resolved": "https://registry.npmjs.org/resolve-path/-/resolve-path-1.3.3.tgz",
      "integrity": "sha1-TYOrpkaMK45jKldeP1Kw+g2+Glw=",
      "requires": {
        "http-errors": "1.5.1",
        "path-is-absolute": "1.0.1"
      },
      "dependencies": {
        "http-errors": {
          "version": "1.5.1",
          "resolved": "https://registry.npmjs.org/http-errors/-/http-errors-1.5.1.tgz",
          "integrity": "sha1-eIwNLB3iyBuebowBhDtrl+uSB1A=",
          "requires": {
            "inherits": "2.0.3",
            "setprototypeof": "1.0.2",
            "statuses": "1.4.0"
          }
        },
        "inherits": {
          "version": "2.0.3",
          "resolved": "https://registry.npmjs.org/inherits/-/inherits-2.0.3.tgz",
          "integrity": "sha1-Yzwsg+PaQqUC9SRmAiSA9CCCYd4="
        },
        "setprototypeof": {
          "version": "1.0.2",
          "resolved": "https://registry.npmjs.org/setprototypeof/-/setprototypeof-1.0.2.tgz",
          "integrity": "sha1-gaVSFB7BBLiOic44MQOtXGZWTQg="
        },
        "statuses": {
          "version": "1.4.0",
          "resolved": "https://registry.npmjs.org/statuses/-/statuses-1.4.0.tgz",
          "integrity": "sha512-zhSCtt8v2NDrRlPQpCNtw/heZLtfUDqxBM1udqikb/Hbk52LK4nQSwr10u77iopCW5LsyHpuXS0GnEc48mLeew=="
        }
      }
    },
    "setprototypeof": {
      "version": "http://registry.npm.taobao.org/setprototypeof/download/setprototypeof-1.0.3.tgz"
    },
    "thenify": {
      "version": "3.3.0",
      "resolved": "https://registry.npmjs.org/thenify/-/thenify-3.3.0.tgz",
      "integrity": "sha1-5p44obq+lpsBCCB5eLn2K4hgSDk=",
      "requires": {
        "any-promise": "1.3.0"
      }
    },
    "thenify-all": {
      "version": "1.6.0",
      "resolved": "https://registry.npmjs.org/thenify-all/-/thenify-all-1.6.0.tgz",
      "integrity": "sha1-GhkY1ALY/D+Y+/I02wvMjMEOlyY=",
      "requires": {
        "thenify": "3.3.0"
      }
    }
  }
}
